
Microsoft Visual Studio Solution File, Format Version 12.00
Project("{FAE04EC0-301F-11D3-BF4B-00C04F79EFBC}") = "Exlaunch", "Exlaunch\Exlaunch.csproj", "{BD890746-2CA9-4991-8B05-CD0639538C12}"
EndProject
Project("{FAE04EC0-301F-11D3-BF4B-00C04F79EFBC}") = "CoreLib", "CoreLib\CoreLib.csproj", "{40DB66CD-308F-4A05-9333-B2038B877A22}"
EndProject
Project("{2150E333-8FDC-42A3-9474-1A3956D46DE8}") = "Files", "Files", "{45576E86-4C99-4FDB-B27B-72C0DA9BF4D5}"
	ProjectSection(SolutionItems) = preProject
		README.md = README.md
	EndProjectSection
EndProject
Global
	GlobalSection(SolutionConfigurationPlatforms) = preSolution
		Debug|Any CPU = Debug|Any CPU
		Release|Any CPU = Release|Any CPU
	EndGlobalSection
	GlobalSection(ProjectConfigurationPlatforms) = postSolution
		{BD890746-2CA9-4991-8B05-CD0639538C12}.Debug|Any CPU.ActiveCfg = Debug|Any CPU
		{BD890746-2CA9-4991-8B05-CD0639538C12}.Debug|Any CPU.Build.0 = Debug|Any CPU
		{BD890746-2CA9-4991-8B05-CD0639538C12}.Release|Any CPU.ActiveCfg = Release|Any CPU
		{BD890746-2CA9-4991-8B05-CD0639538C12}.Release|Any CPU.Build.0 = Release|Any CPU
		{40DB66CD-308F-4A05-9333-B2038B877A22}.Debug|Any CPU.ActiveCfg = Debug|Any CPU
		{40DB66CD-308F-4A05-9333-B2038B877A22}.Debug|Any CPU.Build.0 = Debug|Any CPU
		{40DB66CD-308F-4A05-9333-B2038B877A22}.Release|Any CPU.ActiveCfg = Release|Any CPU
		{40DB66CD-308F-4A05-9333-B2038B877A22}.Release|Any CPU.Build.0 = Release|Any CPU
	EndGlobalSection
EndGlobal
